
Microsoft Visual Studio Solution File, Format Version 12.00
# Visual Studio Version 17
VisualStudioVersion = 17.1.32407.343
MinimumVisualStudioVersion = 10.0.40219.1
Project("{9A19103F-16F7-4668-BE54-9A1E7A4F7556}") = "RentSim", "RentSim\RentSim.csproj", "{B87D664B-79E8-4F46-B6D7-433B8744676E}"
	ProjectSection(ProjectDependencies) = postProject
		{B6CD71A8-0063-470B-AEAE-DF9F59327E1F} = {B6CD71A8-0063-470B-AEAE-DF9F59327E1F}
	EndProjectSection
EndProject
Project("{9A19103F-16F7-4668-BE54-9A1E7A4F7556}") = "Processing", "Processing\Processing.csproj", "{2B091A0F-80BA-4DE5-8701-A2900B3A9B06}"
	ProjectSection(ProjectDependencies) = postProject
		{B6CD71A8-0063-470B-AEAE-DF9F59327E1F} = {B6CD71A8-0063-470B-AEAE-DF9F59327E1F}
	EndProjectSection
EndProject
Project("{9A19103F-16F7-4668-BE54-9A1E7A4F7556}") = "Processing_uTest", "UnitTestProject1\Processing_uTest.csproj", "{D60E823B-F407-4124-A2E0-6731ACDF712E}"
EndProject
Project("{2150E333-8FDC-42A3-9474-1A3956D46DE8}") = "SolutionItems", "SolutionItems", "{8DD291FE-549E-42FA-A18B-0FF36AA02B25}"
	ProjectSection(SolutionItems) = preProject
		Default.runsettings = Default.runsettings
	EndProjectSection
EndProject
Project("{9A19103F-16F7-4668-BE54-9A1E7A4F7556}") = "RentSim_iTest", "RentSim_iTest\RentSim_iTest.csproj", "{27881615-E573-4291-B844-7A7F5E76A0AE}"
EndProject
Project("{9A19103F-16F7-4668-BE54-9A1E7A4F7556}") = "Portfolio", "Portfolio\Portfolio.csproj", "{DA38CD7A-401D-46E4-B7EC-ED626B2AD0F3}"
EndProject
Project("{9A19103F-16F7-4668-BE54-9A1E7A4F7556}") = "Finance", "Finance\Finance.csproj", "{D6D91397-5A7D-46A8-825E-B1A04826A65D}"
	ProjectSection(ProjectDependencies) = postProject
		{F765C451-BFB9-4876-92C4-7F60CC37FBB6} = {F765C451-BFB9-4876-92C4-7F60CC37FBB6}
	EndProjectSection
EndProject
Project("{9A19103F-16F7-4668-BE54-9A1E7A4F7556}") = "Strategy", "Strategy\Strategy.csproj", "{350901B1-1ADE-4257-8056-35B4C97AC239}"
	ProjectSection(ProjectDependencies) = postProject
		{B6CD71A8-0063-470B-AEAE-DF9F59327E1F} = {B6CD71A8-0063-470B-AEAE-DF9F59327E1F}
	EndProjectSection
EndProject
Project("{9A19103F-16F7-4668-BE54-9A1E7A4F7556}") = "Protocol", "Protocol\Protocol.csproj", "{F765C451-BFB9-4876-92C4-7F60CC37FBB6}"
EndProject
Project("{9A19103F-16F7-4668-BE54-9A1E7A4F7556}") = "Finance_uTests", "Finance_uTests\Finance_uTests.csproj", "{9BBEE812-3E98-4F99-A616-2DE8AD5CCE34}"
EndProject
Project("{9A19103F-16F7-4668-BE54-9A1E7A4F7556}") = "Domain", "Domain\Domain.csproj", "{B6CD71A8-0063-470B-AEAE-DF9F59327E1F}"
EndProject
Project("{9A19103F-16F7-4668-BE54-9A1E7A4F7556}") = "Finance_iTests", "Finance_iTests\Finance_iTests.csproj", "{E2CD211C-ADA9-48E4-A5FA-B661C895D5AA}"
EndProject
Project("{9A19103F-16F7-4668-BE54-9A1E7A4F7556}") = "SavingPhaseService", "SavingPhaseService\SavingPhaseService.csproj", "{73255C15-BBB3-4035-93A3-1E700A703846}"
EndProject
Project("{9A19103F-16F7-4668-BE54-9A1E7A4F7556}") = "SavingPhaseService_Tests", "SavingPhaseService_Tests\SavingPhaseService_Tests.csproj", "{02B57C8E-F37D-4800-A0EE-3867562E4BA4}"
EndProject
Project("{9A19103F-16F7-4668-BE54-9A1E7A4F7556}") = "FinanceMathService", "FinanceMathService\FinanceMathService.csproj", "{4C261405-7E2A-40C1-896C-80A0AFD09F44}"
EndProject
Project("{9A19103F-16F7-4668-BE54-9A1E7A4F7556}") = "FinanceMathService_Tests", "FinanceMathService_Tests\FinanceMathService_Tests.csproj", "{B9F8142B-E662-4098-93DD-8959E3578378}"
EndProject
Project("{9A19103F-16F7-4668-BE54-9A1E7A4F7556}") = "RentSimS", "RentSimS\RentSimS.csproj", "{37FD8139-2D2D-4268-900E-69B2F052BEAE}"
EndProject
Project("{9A19103F-16F7-4668-BE54-9A1E7A4F7556}") = "RentPhaseService", "RentPhaseService\RentPhaseService.csproj", "{F0B595C2-D66E-470C-A193-0EE2F6C5E486}"
EndProject
Global
	GlobalSection(SolutionConfigurationPlatforms) = preSolution
		Debug|Any CPU = Debug|Any CPU
		Release|Any CPU = Release|Any CPU
	EndGlobalSection
	GlobalSection(ProjectConfigurationPlatforms) = postSolution
		{B87D664B-79E8-4F46-B6D7-433B8744676E}.Debug|Any CPU.ActiveCfg = Debug|Any CPU
		{B87D664B-79E8-4F46-B6D7-433B8744676E}.Debug|Any CPU.Build.0 = Debug|Any CPU
		{B87D664B-79E8-4F46-B6D7-433B8744676E}.Release|Any CPU.ActiveCfg = Release|Any CPU
		{B87D664B-79E8-4F46-B6D7-433B8744676E}.Release|Any CPU.Build.0 = Release|Any CPU
		{2B091A0F-80BA-4DE5-8701-A2900B3A9B06}.Debug|Any CPU.ActiveCfg = Debug|Any CPU
		{2B091A0F-80BA-4DE5-8701-A2900B3A9B06}.Debug|Any CPU.Build.0 = Debug|Any CPU
		{2B091A0F-80BA-4DE5-8701-A2900B3A9B06}.Release|Any CPU.ActiveCfg = Release|Any CPU
		{2B091A0F-80BA-4DE5-8701-A2900B3A9B06}.Release|Any CPU.Build.0 = Release|Any CPU
		{D60E823B-F407-4124-A2E0-6731ACDF712E}.Debug|Any CPU.ActiveCfg = Debug|Any CPU
		{D60E823B-F407-4124-A2E0-6731ACDF712E}.Debug|Any CPU.Build.0 = Debug|Any CPU
		{D60E823B-F407-4124-A2E0-6731ACDF712E}.Release|Any CPU.ActiveCfg = Release|Any CPU
		{D60E823B-F407-4124-A2E0-6731ACDF712E}.Release|Any CPU.Build.0 = Release|Any CPU
		{27881615-E573-4291-B844-7A7F5E76A0AE}.Debug|Any CPU.ActiveCfg = Debug|Any CPU
		{27881615-E573-4291-B844-7A7F5E76A0AE}.Debug|Any CPU.Build.0 = Debug|Any CPU
		{27881615-E573-4291-B844-7A7F5E76A0AE}.Release|Any CPU.ActiveCfg = Release|Any CPU
		{27881615-E573-4291-B844-7A7F5E76A0AE}.Release|Any CPU.Build.0 = Release|Any CPU
		{DA38CD7A-401D-46E4-B7EC-ED626B2AD0F3}.Debug|Any CPU.ActiveCfg = Debug|Any CPU
		{DA38CD7A-401D-46E4-B7EC-ED626B2AD0F3}.Debug|Any CPU.Build.0 = Debug|Any CPU
		{DA38CD7A-401D-46E4-B7EC-ED626B2AD0F3}.Release|Any CPU.ActiveCfg = Release|Any CPU
		{DA38CD7A-401D-46E4-B7EC-ED626B2AD0F3}.Release|Any CPU.Build.0 = Release|Any CPU
		{D6D91397-5A7D-46A8-825E-B1A04826A65D}.Debug|Any CPU.ActiveCfg = Debug|Any CPU
		{D6D91397-5A7D-46A8-825E-B1A04826A65D}.Debug|Any CPU.Build.0 = Debug|Any CPU
		{D6D91397-5A7D-46A8-825E-B1A04826A65D}.Release|Any CPU.ActiveCfg = Release|Any CPU
		{D6D91397-5A7D-46A8-825E-B1A04826A65D}.Release|Any CPU.Build.0 = Release|Any CPU
		{350901B1-1ADE-4257-8056-35B4C97AC239}.Debug|Any CPU.ActiveCfg = Debug|Any CPU
		{350901B1-1ADE-4257-8056-35B4C97AC239}.Debug|Any CPU.Build.0 = Debug|Any CPU
		{350901B1-1ADE-4257-8056-35B4C97AC239}.Release|Any CPU.ActiveCfg = Release|Any CPU
		{350901B1-1ADE-4257-8056-35B4C97AC239}.Release|Any CPU.Build.0 = Release|Any CPU
		{F765C451-BFB9-4876-92C4-7F60CC37FBB6}.Debug|Any CPU.ActiveCfg = Debug|Any CPU
		{F765C451-BFB9-4876-92C4-7F60CC37FBB6}.Debug|Any CPU.Build.0 = Debug|Any CPU
		{F765C451-BFB9-4876-92C4-7F60CC37FBB6}.Release|Any CPU.ActiveCfg = Release|Any CPU
		{F765C451-BFB9-4876-92C4-7F60CC37FBB6}.Release|Any CPU.Build.0 = Release|Any CPU
		{9BBEE812-3E98-4F99-A616-2DE8AD5CCE34}.Debug|Any CPU.ActiveCfg = Debug|Any CPU
		{9BBEE812-3E98-4F99-A616-2DE8AD5CCE34}.Debug|Any CPU.Build.0 = Debug|Any CPU
		{9BBEE812-3E98-4F99-A616-2DE8AD5CCE34}.Release|Any CPU.ActiveCfg = Release|Any CPU
		{9BBEE812-3E98-4F99-A616-2DE8AD5CCE34}.Release|Any CPU.Build.0 = Release|Any CPU
		{B6CD71A8-0063-470B-AEAE-DF9F59327E1F}.Debug|Any CPU.ActiveCfg = Debug|Any CPU
		{B6CD71A8-0063-470B-AEAE-DF9F59327E1F}.Debug|Any CPU.Build.0 = Debug|Any CPU
		{B6CD71A8-0063-470B-AEAE-DF9F59327E1F}.Release|Any CPU.ActiveCfg = Release|Any CPU
		{B6CD71A8-0063-470B-AEAE-DF9F59327E1F}.Release|Any CPU.Build.0 = Release|Any CPU
		{E2CD211C-ADA9-48E4-A5FA-B661C895D5AA}.Debug|Any CPU.ActiveCfg = Debug|Any CPU
		{E2CD211C-ADA9-48E4-A5FA-B661C895D5AA}.Debug|Any CPU.Build.0 = Debug|Any CPU
		{E2CD211C-ADA9-48E4-A5FA-B661C895D5AA}.Release|Any CPU.ActiveCfg = Release|Any CPU
		{E2CD211C-ADA9-48E4-A5FA-B661C895D5AA}.Release|Any CPU.Build.0 = Release|Any CPU
		{73255C15-BBB3-4035-93A3-1E700A703846}.Debug|Any CPU.ActiveCfg = Debug|Any CPU
		{73255C15-BBB3-4035-93A3-1E700A703846}.Debug|Any CPU.Build.0 = Debug|Any CPU
		{73255C15-BBB3-4035-93A3-1E700A703846}.Release|Any CPU.ActiveCfg = Release|Any CPU
		{73255C15-BBB3-4035-93A3-1E700A703846}.Release|Any CPU.Build.0 = Release|Any CPU
		{02B57C8E-F37D-4800-A0EE-3867562E4BA4}.Debug|Any CPU.ActiveCfg = Debug|Any CPU
		{02B57C8E-F37D-4800-A0EE-3867562E4BA4}.Debug|Any CPU.Build.0 = Debug|Any CPU
		{02B57C8E-F37D-4800-A0EE-3867562E4BA4}.Release|Any CPU.ActiveCfg = Release|Any CPU
		{02B57C8E-F37D-4800-A0EE-3867562E4BA4}.Release|Any CPU.Build.0 = Release|Any CPU
		{4C261405-7E2A-40C1-896C-80A0AFD09F44}.Debug|Any CPU.ActiveCfg = Debug|Any CPU
		{4C261405-7E2A-40C1-896C-80A0AFD09F44}.Debug|Any CPU.Build.0 = Debug|Any CPU
		{4C261405-7E2A-40C1-896C-80A0AFD09F44}.Release|Any CPU.ActiveCfg = Release|Any CPU
		{4C261405-7E2A-40C1-896C-80A0AFD09F44}.Release|Any CPU.Build.0 = Release|Any CPU
		{B9F8142B-E662-4098-93DD-8959E3578378}.Debug|Any CPU.ActiveCfg = Debug|Any CPU
		{B9F8142B-E662-4098-93DD-8959E3578378}.Debug|Any CPU.Build.0 = Debug|Any CPU
		{B9F8142B-E662-4098-93DD-8959E3578378}.Release|Any CPU.ActiveCfg = Release|Any CPU
		{B9F8142B-E662-4098-93DD-8959E3578378}.Release|Any CPU.Build.0 = Release|Any CPU
		{37FD8139-2D2D-4268-900E-69B2F052BEAE}.Debug|Any CPU.ActiveCfg = Debug|Any CPU
		{37FD8139-2D2D-4268-900E-69B2F052BEAE}.Debug|Any CPU.Build.0 = Debug|Any CPU
		{37FD8139-2D2D-4268-900E-69B2F052BEAE}.Release|Any CPU.ActiveCfg = Release|Any CPU
		{37FD8139-2D2D-4268-900E-69B2F052BEAE}.Release|Any CPU.Build.0 = Release|Any CPU
		{F0B595C2-D66E-470C-A193-0EE2F6C5E486}.Debug|Any CPU.ActiveCfg = Debug|Any CPU
		{F0B595C2-D66E-470C-A193-0EE2F6C5E486}.Debug|Any CPU.Build.0 = Debug|Any CPU
		{F0B595C2-D66E-470C-A193-0EE2F6C5E486}.Release|Any CPU.ActiveCfg = Release|Any CPU
		{F0B595C2-D66E-470C-A193-0EE2F6C5E486}.Release|Any CPU.Build.0 = Release|Any CPU
	EndGlobalSection
	GlobalSection(SolutionProperties) = preSolution
		HideSolutionNode = FALSE
	EndGlobalSection
	GlobalSection(ExtensibilityGlobals) = postSolution
		SolutionGuid = {30071C3E-3CE3-4B77-8844-2D11FC03BBD6}
	EndGlobalSection
EndGlobal
